
Microsoft Visual Studio Solution File, Format Version 12.00
# Visual Studio Version 17
VisualStudioVersion = 17.0.32112.339
MinimumVisualStudioVersion = 10.0.40219.1
Project("{FAE04EC0-301F-11D3-BF4B-00C04F79EFBC}") = "Assignment 4", "Assignment 4\Assignment 4.csproj", "{7FDADE8F-628C-4B8A-B8D4-2CE128DFD09E}"
EndProject
Global
	GlobalSection(SolutionConfigurationPlatforms) = preSolution
		Debug|Any CPU = Debug|Any CPU
		Release|Any CPU = Release|Any CPU
	EndGlobalSection
	GlobalSection(ProjectConfigurationPlatforms) = postSolution
		{7FDADE8F-628C-4B8A-B8D4-2CE128DFD09E}.Debug|Any CPU.ActiveCfg = Debug|Any CPU
		{7FDADE8F-628C-4B8A-B8D4-2CE128DFD09E}.Debug|Any CPU.Build.0 = Debug|Any CPU
		{7FDADE8F-628C-4B8A-B8D4-2CE128DFD09E}.Release|Any CPU.ActiveCfg = Release|Any CPU
		{7FDADE8F-628C-4B8A-B8D4-2CE128DFD09E}.Release|Any CPU.Build.0 = Release|Any CPU
	EndGlobalSection
	GlobalSection(SolutionProperties) = preSolution
		HideSolutionNode = FALSE
	EndGlobalSection
	GlobalSection(ExtensibilityGlobals) = postSolution
		SolutionGuid = {069FAB17-218B-450B-922B-71C016AA58FA}
	EndGlobalSection
EndGlobal
